
Microsoft Visual Studio Solution File, Format Version 12.00
# Visual Studio Version 17
VisualStudioVersion = 17.11.35327.3
MinimumVisualStudioVersion = 10.0.40219.1
Project("{FAE04EC0-301F-11D3-BF4B-00C04F79EFBC}") = "capital-gains", "capital-gains\capital-gains.csproj", "{5DE79B79-2406-49B7-84FA-2FE936022E11}"
EndProject
Project("{FAE04EC0-301F-11D3-BF4B-00C04F79EFBC}") = "unit-tests", "unit-tests\unit-tests.csproj", "{42602B24-3A05-4AF6-BFC1-7CB643B76ABE}"
EndProject
Global
	GlobalSection(SolutionConfigurationPlatforms) = preSolution
		Debug|Any CPU = Debug|Any CPU
		Release|Any CPU = Release|Any CPU
	EndGlobalSection
	GlobalSection(ProjectConfigurationPlatforms) = postSolution
		{5DE79B79-2406-49B7-84FA-2FE936022E11}.Debug|Any CPU.ActiveCfg = Debug|Any CPU
		{5DE79B79-2406-49B7-84FA-2FE936022E11}.Debug|Any CPU.Build.0 = Debug|Any CPU
		{5DE79B79-2406-49B7-84FA-2FE936022E11}.Release|Any CPU.ActiveCfg = Release|Any CPU
		{5DE79B79-2406-49B7-84FA-2FE936022E11}.Release|Any CPU.Build.0 = Release|Any CPU
		{42602B24-3A05-4AF6-BFC1-7CB643B76ABE}.Debug|Any CPU.ActiveCfg = Debug|Any CPU
		{42602B24-3A05-4AF6-BFC1-7CB643B76ABE}.Debug|Any CPU.Build.0 = Debug|Any CPU
		{42602B24-3A05-4AF6-BFC1-7CB643B76ABE}.Release|Any CPU.ActiveCfg = Release|Any CPU
		{42602B24-3A05-4AF6-BFC1-7CB643B76ABE}.Release|Any CPU.Build.0 = Release|Any CPU
	EndGlobalSection
	GlobalSection(SolutionProperties) = preSolution
		HideSolutionNode = FALSE
	EndGlobalSection
	GlobalSection(ExtensibilityGlobals) = postSolution
		SolutionGuid = {9F116D39-E069-4E85-AA75-6F734AB8F958}
	EndGlobalSection
EndGlobal
